{
  "name": "gem",
  "version": "0.0.1",
  "lockfileVersion": 3,
  "requires": true,
  "packages": {
    "": {
      "name": "gem",
      "version": "0.0.1",
      "license": "MIT",
      "dependencies": {
        "@ai-sdk/google": "^0.0.14",
        "ai": "^3.1.12",
        "dotenv": "^16.4.5",
        "typescript": "^5.4.5"
      },
      "devDependencies": {
        "@types/node": "^20.12.12"
      }
    },
    "node_modules/@ai-sdk/google": {
      "version": "0.0.14",
      "resolved": "https://registry.npmjs.org/@ai-sdk/google/-/google-0.0.14.tgz",
      "integrity": "sha512-4a+g7iZThrTC2nGFf4ud1td2jqJjxr8QGLCP6+xBjRK70DHFf9RZrTxclOz8oXY+IIHYLIo5ybctV9TUH4u1qQ==",
      "license": "Apache-2.0",
      "dependencies": {
        "@ai-sdk/provider": "0.0.5",
        "@ai-sdk/provider-utils": "0.0.8"
      },
      "engines": {
        "node": ">=18"
      },
      "peerDependencies": {
        "zod": "^3.0.0"
      },
      "peerDependenciesMeta": {
        "zod": {
          "optional": true
        }
      }
    },
    "node_modules/@ai-sdk/provider": {
      "version": "0.0.5",
      "resolved": "https://registry.npmjs.org/@ai-sdk/provider/-/provider-0.0.5.tgz",
      "integrity": "sha512-TZDldBZ5clAsNwJ2PSeo/b1uILj9a2lvi0rnOj2RCNZDgaVqFRVIAnKyeHusCRv2lzhPIw03B3fiGI6VoLzOAA==",
      "license": "Apache-2.0",
      "dependencies": {
        "json-schema": "0.4.0"
      },
      "engines": {
        "node": ">=18"
      }
    },
    "node_modules/@ai-sdk/provider-utils": {
      "version": "0.0.8",
      "resolved": "https://registry.npmjs.org/@ai-sdk/provider-utils/-/provider-utils-0.0.8.tgz",
      "integrity": "sha512-J/ZNvFhORd3gCeK3jFvNrxp1Dnvy6PvPq21RJ+OsIEjsoHeKQaHALCWG0aJunXDuzd+Mck/lCg7LqA0qmIbHIg==",
      "license": "Apache-2.0",
      "dependencies": {
        "@ai-sdk/provider": "0.0.5",
        "eventsource-parser": "1.1.2",
        "nanoid": "3.3.6",
        "secure-json-parse": "2.7.0"
      },
      "engines": {
        "node": ">=18"
      },
      "peerDependencies": {
        "zod": "^3.0.0"
      },
      "peerDependenciesMeta": {
        "zod": {
          "optional": true
        }
      }
    },
    "node_modules/@types/diff-match-patch": {
      "version": "1.0.36",
      "resolved": "https://registry.npmjs.org/@types/diff-match-patch/-/diff-match-patch-1.0.36.tgz",
      "integrity": "sha512-xFdR6tkm0MWvBfO8xXCSsinYxHcqkQUlcHeSpMC2ukzOb6lwQAfDmW+Qt0AvlGd8HpsS28qKsB+oPeJn9I39jg==",
      "license": "MIT"
    },
    "node_modules/@types/node": {
      "version": "20.12.12",
      "resolved": "https://registry.npmjs.org/@types/node/-/node-20.12.12.tgz",
      "integrity": "sha512-eWLDGF/FOSPtAvEqeRAQ4C8LSA7M1I7i0ky1I8U7kD1J5ITyW3AsRhQrKVoWf5pFKZ2kILsEGJhsI9r93PYnOw==",
      "dev": true,
      "license": "MIT",
      "dependencies": {
        "undici-types": "~5.26.4"
      }
    },
    "node_modules/ai": {
      "version": "3.1.12",
      "resolved": "https://registry.npmjs.org/ai/-/ai-3.1.12.tgz",
      "integrity": "sha512-XlurBw1sdgQCFmCTPYjKjpm+fPS6iY+tLb/PYNUEjZn3bhqosAkcqUkGJTsFP49OMAWO1Lm2oPthCakKcn6Lzw==",
      "license": "Apache-2.0",
      "dependencies": {
        "@ai-sdk/provider": "0.0.5",
        "@ai-sdk/provider-utils": "0.0.8",
        "eventsource-parser": "1.1.2",
        "json-schema": "0.4.0",
        "jsondiffpatch": "0.6.0",
        "nanoid": "3.3.6",
        "secure-json-parse": "2.7.0",
        "solid-swr-store": "0.10.7",
        "sswr": "2.0.0",
        "swr": "2.2.0",
        "swr-store": "0.10.6",
        "swrv": "1.0.4",
        "zod-to-json-schema": "3.22.5"
      },
      "engines": {
        "node": ">=18"
      },
      "peerDependencies": {
        "openai": "^4.42.0",
        "react": "^18.2.0",
        "solid-js": "^1.7.7",
        "svelte": "^3.0.0 || ^4.0.0",
        "vue": "^3.3.4",
        "zod": "^3.0.0"
      },
      "peerDependenciesMeta": {
        "openai": {
          "optional": true
        },
        "react": {
          "optional": true
        },
        "solid-js": {
          "optional": true
        },
        "svelte": {
          "optional": true
        },
        "vue": {
          "optional": true
        },
        "zod": {
          "optional": true
        }
      }
    },
    "node_modules/chalk": {
      "version": "5.3.0",
      "resolved": "https://registry.npmjs.org/chalk/-/chalk-5.3.0.tgz",
      "integrity": "sha512-dLitG79d+GV1Nb/VYcCDFivJeK1hiukt9QjRNVOsUtTy1rR1YJsmpGGTZ3qJos+uw7WmWF4wUwBd9jxjocFC2w==",
      "license": "MIT",
      "engines": {
        "node": "^12.17.0 || ^14.13 || >=16.0.0"
      },
      "funding": {
        "url": "https://github.com/chalk/chalk?sponsor=1"
      }
    },
    "node_modules/dequal": {
      "version": "2.0.3",
      "resolved": "https://registry.npmjs.org/dequal/-/dequal-2.0.3.tgz",
      "integrity": "sha512-0je+qPKHEMohvfRTCEo3CrPG6cAzAYgmzKyxRiYSSDkS6eGJdyVJm7WaYA5ECaAD9wLB2T4EEeymA5aFVcYXCA==",
      "license": "MIT",
      "engines": {
        "node": ">=6"
      }
    },
    "node_modules/diff-match-patch": {
      "version": "1.0.5",
      "resolved": "https://registry.npmjs.org/diff-match-patch/-/diff-match-patch-1.0.5.tgz",
      "integrity": "sha512-IayShXAgj/QMXgB0IWmKx+rOPuGMhqm5w6jvFxmVenXKIzRqTAAsbBPT3kWQeGANj3jGgvcvv4yK6SxqYmikgw==",
      "license": "Apache-2.0"
    },
    "node_modules/dotenv": {
      "version": "16.4.5",
      "resolved": "https://registry.npmjs.org/dotenv/-/dotenv-16.4.5.tgz",
      "integrity": "sha512-ZmdL2rui+eB2YwhsWzjInR8LldtZHGDoQ1ugH85ppHKwpUHL7j7rN0Ti9NCnGiQbhaZ11FpR+7ao1dNsmduNUg==",
      "license": "BSD-2-Clause",
      "engines": {
        "node": ">=12"
      },
      "funding": {
        "url": "https://dotenvx.com"
      }
    },
    "node_modules/eventsource-parser": {
      "version": "1.1.2",
      "resolved": "https://registry.npmjs.org/eventsource-parser/-/eventsource-parser-1.1.2.tgz",
      "integrity": "sha512-v0eOBUbiaFojBu2s2NPBfYUoRR9GjcDNvCXVaqEf5vVfpIAh9f8RCo4vXTP8c63QRKCFwoLpMpTdPwwhEKVgzA==",
      "license": "MIT",
      "engines": {
        "node": ">=14.18"
      }
    },
    "node_modules/json-schema": {
      "version": "0.4.0",
      "resolved": "https://registry.npmjs.org/json-schema/-/json-schema-0.4.0.tgz",
      "integrity": "sha512-es94M3nTIfsEPisRafak+HDLfHXnKBhV3vU5eqPcS3flIWqcxJWgXHXiey3YrpaNsanY5ei1VoYEbOzijuq9BA==",
      "license": "(AFL-2.1 OR BSD-3-Clause)"
    },
    "node_modules/jsondiffpatch": {
      "version": "0.6.0",
      "resolved": "https://registry.npmjs.org/jsondiffpatch/-/jsondiffpatch-0.6.0.tgz",
      "integrity": "sha512-3QItJOXp2AP1uv7waBkao5nCvhEv+QmJAd38Ybq7wNI74Q+BBmnLn4EDKz6yI9xGAIQoUF87qHt+kc1IVxB4zQ==",
      "license": "MIT",
      "dependencies": {
        "@types/diff-match-patch": "^1.0.36",
        "chalk": "^5.3.0",
        "diff-match-patch": "^1.0.5"
      },
      "bin": {
        "jsondiffpatch": "bin/jsondiffpatch.js"
      },
      "engines": {
        "node": "^18.0.0 || >=20.0.0"
      }
    },
    "node_modules/nanoid": {
      "version": "3.3.6",
      "resolved": "https://registry.npmjs.org/nanoid/-/nanoid-3.3.6.tgz",
      "integrity": "sha512-BGcqMMJuToF7i1rt+2PWSNVnWIkGCU78jBG3RxO/bZlnZPK2Cmi2QaffxGO/2RvWi9sL+FAiRiXMgsyxQ1DIDA==",
      "funding": [
        {
          "type": "github",
          "url": "https://github.com/sponsors/ai"
        }
      ],
      "license": "MIT",
      "bin": {
        "nanoid": "bin/nanoid.cjs"
      },
      "engines": {
        "node": "^10 || ^12 || ^13.7 || ^14 || >=15.0.1"
      }
    },
    "node_modules/secure-json-parse": {
      "version": "2.7.0",
      "resolved": "https://registry.npmjs.org/secure-json-parse/-/secure-json-parse-2.7.0.tgz",
      "integrity": "sha512-6aU+Rwsezw7VR8/nyvKTx8QpWH9FrcYiXXlqC4z5d5XQBDRqtbfsRjnwGyqbi3gddNtWHuEk9OANUotL26qKUw==",
      "license": "BSD-3-Clause"
    },
    "node_modules/solid-swr-store": {
      "version": "0.10.7",
      "resolved": "https://registry.npmjs.org/solid-swr-store/-/solid-swr-store-0.10.7.tgz",
      "integrity": "sha512-A6d68aJmRP471aWqKKPE2tpgOiR5fH4qXQNfKIec+Vap+MGQm3tvXlT8n0I8UgJSlNAsSAUuw2VTviH2h3Vv5g==",
      "license": "MIT",
      "engines": {
        "node": ">=10"
      },
      "peerDependencies": {
        "solid-js": "^1.2",
        "swr-store": "^0.10"
      }
    },
    "node_modules/sswr": {
      "version": "2.0.0",
      "resolved": "https://registry.npmjs.org/sswr/-/sswr-2.0.0.tgz",
      "integrity": "sha512-mV0kkeBHcjcb0M5NqKtKVg/uTIYNlIIniyDfSGrSfxpEdM9C365jK0z55pl9K0xAkNTJi2OAOVFQpgMPUk+V0w==",
      "license": "MIT",
      "dependencies": {
        "swrev": "^4.0.0"
      },
      "peerDependencies": {
        "svelte": "^4.0.0"
      }
    },
    "node_modules/swr": {
      "version": "2.2.0",
      "resolved": "https://registry.npmjs.org/swr/-/swr-2.2.0.tgz",
      "integrity": "sha512-AjqHOv2lAhkuUdIiBu9xbuettzAzWXmCEcLONNKJRba87WAefz8Ca9d6ds/SzrPc235n1IxWYdhJ2zF3MNUaoQ==",
      "license": "MIT",
      "dependencies": {
        "use-sync-external-store": "^1.2.0"
      },
      "peerDependencies": {
        "react": "^16.11.0 || ^17.0.0 || ^18.0.0"
      }
    },
    "node_modules/swr-store": {
      "version": "0.10.6",
      "resolved": "https://registry.npmjs.org/swr-store/-/swr-store-0.10.6.tgz",
      "integrity": "sha512-xPjB1hARSiRaNNlUQvWSVrG5SirCjk2TmaUyzzvk69SZQan9hCJqw/5rG9iL7xElHU784GxRPISClq4488/XVw==",
      "license": "MIT",
      "dependencies": {
        "dequal": "^2.0.3"
      },
      "engines": {
        "node": ">=10"
      }
    },
    "node_modules/swrev": {
      "version": "4.0.0",
      "resolved": "https://registry.npmjs.org/swrev/-/swrev-4.0.0.tgz",
      "integrity": "sha512-LqVcOHSB4cPGgitD1riJ1Hh4vdmITOp+BkmfmXRh4hSF/t7EnS4iD+SOTmq7w5pPm/SiPeto4ADbKS6dHUDWFA==",
      "license": "MIT"
    },
    "node_modules/swrv": {
      "version": "1.0.4",
      "resolved": "https://registry.npmjs.org/swrv/-/swrv-1.0.4.tgz",
      "integrity": "sha512-zjEkcP8Ywmj+xOJW3lIT65ciY/4AL4e/Or7Gj0MzU3zBJNMdJiT8geVZhINavnlHRMMCcJLHhraLTAiDOTmQ9g==",
      "license": "Apache-2.0",
      "peerDependencies": {
        "vue": ">=3.2.26 < 4"
      }
    },
    "node_modules/typescript": {
      "version": "5.4.5",
      "resolved": "https://registry.npmjs.org/typescript/-/typescript-5.4.5.tgz",
      "integrity": "sha512-vcI4UpRgg81oIRUFwR0WSIHKt11nJ7SAVlYNIu+QpqeyXP+gpQJy/Z4+F0aGxSE4MqwjyXvW/TzgkLAx2AGHwQ==",
      "license": "Apache-2.0",
      "bin": {
        "tsc": "bin/tsc",
        "tsserver": "bin/tsserver"
      },
      "engines": {
        "node": ">=14.17"
      }
    },
    "node_modules/undici-types": {
      "version": "5.26.5",
      "resolved": "https://registry.npmjs.org/undici-types/-/undici-types-5.26.5.tgz",
      "integrity": "sha512-JlCMO+ehdEIKqlFxk6IfVoAUVmgz7cU7zD/h9XZ0qzeosSHmUJVOzSQvvYSYWXkFXC+IfLKSIffhv0sVZup6pA==",
      "dev": true,
      "license": "MIT"
    },
    "node_modules/use-sync-external-store": {
      "version": "1.2.2",
      "resolved": "https://registry.npmjs.org/use-sync-external-store/-/use-sync-external-store-1.2.2.tgz",
      "integrity": "sha512-PElTlVMwpblvbNqQ82d2n6RjStvdSoNe9FG28kNfz3WiXilJm4DdNkEzRhCZuIDwY8U08WVihhGR5iRqAwfDiw==",
      "license": "MIT",
      "peerDependencies": {
        "react": "^16.8.0 || ^17.0.0 || ^18.0.0"
      }
    },
    "node_modules/zod-to-json-schema": {
      "version": "3.22.5",
      "resolved": "https://registry.npmjs.org/zod-to-json-schema/-/zod-to-json-schema-3.22.5.tgz",
      "integrity": "sha512-+akaPo6a0zpVCCseDed504KBJUQpEW5QZw7RMneNmKw+fGaML1Z9tUNLnHHAC8x6dzVRO1eB2oEMyZRnuBZg7Q==",
      "license": "ISC",
      "peerDependencies": {
        "zod": "^3.22.4"
      }
    }
  }
}
